
Microsoft Visual Studio Solution File, Format Version 12.00
# Visual Studio Version 17
VisualStudioVersion = 17.11.35222.181
MinimumVisualStudioVersion = 10.0.40219.1
Project("{FAE04EC0-301F-11D3-BF4B-00C04F79EFBC}") = "AtoZCharacters", "AtoZCharacters\AtoZCharacters.csproj", "{09026D6D-DB68-4CA9-A0BF-B73370DA83C8}"
EndProject
Global
	GlobalSection(SolutionConfigurationPlatforms) = preSolution
		Debug|Any CPU = Debug|Any CPU
		Release|Any CPU = Release|Any CPU
	EndGlobalSection
	GlobalSection(ProjectConfigurationPlatforms) = postSolution
		{09026D6D-DB68-4CA9-A0BF-B73370DA83C8}.Debug|Any CPU.ActiveCfg = Debug|Any CPU
		{09026D6D-DB68-4CA9-A0BF-B73370DA83C8}.Debug|Any CPU.Build.0 = Debug|Any CPU
		{09026D6D-DB68-4CA9-A0BF-B73370DA83C8}.Release|Any CPU.ActiveCfg = Release|Any CPU
		{09026D6D-DB68-4CA9-A0BF-B73370DA83C8}.Release|Any CPU.Build.0 = Release|Any CPU
	EndGlobalSection
	GlobalSection(SolutionProperties) = preSolution
		HideSolutionNode = FALSE
	EndGlobalSection
	GlobalSection(ExtensibilityGlobals) = postSolution
		SolutionGuid = {FDC948F4-2725-4651-894B-D5A83DADFBC9}
	EndGlobalSection
EndGlobal
